
Microsoft Visual Studio Solution File, Format Version 12.00
# Visual Studio Version 17
VisualStudioVersion = 17.8.34511.84
MinimumVisualStudioVersion = 10.0.40219.1
Project("{8BC9CEB8-8B4A-11D0-8D11-00A0C91BC942}") = "Week1Variables", "CGSpectrumWeek2CPlusPlus\CGSpectrumWeek2CPlusPlus.vcxproj", "{3EB22769-C209-4F9D-BE11-5E219D2434F1}"
EndProject
Project("{8BC9CEB8-8B4A-11D0-8D11-00A0C91BC942}") = "Week1Operators", "Operators\Operators.vcxproj", "{D1E666C9-68C2-48C5-8B7B-B4753CF45B0A}"
EndProject
Project("{8BC9CEB8-8B4A-11D0-8D11-00A0C91BC942}") = "Week1CompoundOperators", "CompoundOperators\CompoundOperators.vcxproj", "{4B927F24-C041-4027-8805-8D7D757C0EB5}"
EndProject
Project("{8BC9CEB8-8B4A-11D0-8D11-00A0C91BC942}") = "Week1TypeConversion", "TypeConversion\TypeConversion.vcxproj", "{777A8FB8-444F-465C-9272-F2A082605F62}"
EndProject
Project("{8BC9CEB8-8B4A-11D0-8D11-00A0C91BC942}") = "Week1PuttingItAllTogether", "PuttingItAllTogether\PuttingItAllTogether.vcxproj", "{01BBE24C-10B9-4C23-92E6-A2BFE1472599}"
EndProject
Project("{8BC9CEB8-8B4A-11D0-8D11-00A0C91BC942}") = "Week1PuttingItAllTogether2", "PuttingItAllTogether2\PuttingItAllTogether2.vcxproj", "{6390FFB7-6C93-4023-B982-BB510720EB70}"
EndProject
Project("{8BC9CEB8-8B4A-11D0-8D11-00A0C91BC942}") = "Week1PuttingItAllTogether3", "PuttingItAllTogether3\PuttingItAllTogether3.vcxproj", "{C79490A2-DE7D-4EAE-B8B4-59133B22DE9F}"
EndProject
Project("{8BC9CEB8-8B4A-11D0-8D11-00A0C91BC942}") = "Week1Task1CalculateAverage", "Task1CalculateAverage\Task1CalculateAverage.vcxproj", "{2C9A28AC-480F-4672-BA05-6003E612D5CC}"
EndProject
Project("{8BC9CEB8-8B4A-11D0-8D11-00A0C91BC942}") = "Week1Task2UnitConversionChallenge", "Task2UnitConversionChallenge\Task2UnitConversionChallenge.vcxproj", "{0BFDB86A-2694-4196-9A47-D525EFBBEB8D}"
EndProject
Project("{8BC9CEB8-8B4A-11D0-8D11-00A0C91BC942}") = "Week1Task3DistanceBetweenTwoPoints", "Task3DistanceBetweenTwoPoints\Task3DistanceBetweenTwoPoints.vcxproj", "{4318F1E8-FF2D-4039-B54A-0F1B1573DC94}"
EndProject
Project("{8BC9CEB8-8B4A-11D0-8D11-00A0C91BC942}") = "Week2Task2Grading", "Week2Task2Grading\Week2Task2Grading.vcxproj", "{9DC46D7B-B047-4237-9FFA-C850955F27D8}"
EndProject
Project("{8BC9CEB8-8B4A-11D0-8D11-00A0C91BC942}") = "Week2Task3AdventureGame", "Week2Task3AdventureGame\Week2Task3AdventureGame.vcxproj", "{6F9ED4D9-46D0-4737-A402-5162BF8C453D}"
EndProject
Project("{8BC9CEB8-8B4A-11D0-8D11-00A0C91BC942}") = "Week2Task1ErrorsAndDebugging", "Week2Task1ErrorsAndDebugging\ErrorsAndDebugging.vcxproj", "{AE923F7D-84AF-4AEF-913F-728FA257ECEE}"
EndProject
Project("{8BC9CEB8-8B4A-11D0-8D11-00A0C91BC942}") = "RecursiveDiamond", "RecursiveDiamond\RecursiveDiamond.vcxproj", "{23EB7BAC-F62A-4BF3-B3E0-8696D257907E}"
EndProject
Project("{2150E333-8FDC-42A3-9474-1A3956D46DE8}") = "Solution Items", "Solution Items", "{6E8F54C0-B405-479B-A5AD-DC6BB9779035}"
EndProject
Project("{8BC9CEB8-8B4A-11D0-8D11-00A0C91BC942}") = "Week4Task2ArrayStatistics", "Week4Task2ArrayStatistics\Week3Task2ArrayStatistics.vcxproj", "{83F69AF0-1849-4B8E-8977-D29237B91DF9}"
EndProject
Project("{8BC9CEB8-8B4A-11D0-8D11-00A0C91BC942}") = "Week4WritingDataToFiles", "Week4WritingDataToFiles\Week3InputOutput.vcxproj", "{61ED036C-4BDD-47B6-B91B-C0B2CF2E9F46}"
EndProject
Project("{8BC9CEB8-8B4A-11D0-8D11-00A0C91BC942}") = "Week4Task1Gullible", "Week4Task1Gullible\Week3Task1Gullible.vcxproj", "{089091F0-BD59-427E-A4E2-F63D5C0C7A9C}"
EndProject
Project("{8BC9CEB8-8B4A-11D0-8D11-00A0C91BC942}") = "Week4ReadingDataFromFiles", "Week4ReadingDataFromFiles\Week3ReadingDataFromFiles.vcxproj", "{D4E3A095-B259-4790-AD5F-E331F1CEF728}"
EndProject
Project("{8BC9CEB8-8B4A-11D0-8D11-00A0C91BC942}") = "Week3Task1FiveFunctions", "Week3Task1FiveFunctions\Week3Task1FiveFunctions.vcxproj", "{3F4DBEF8-8FBA-4C27-BECD-FFCF64071A7F}"
EndProject
Project("{8BC9CEB8-8B4A-11D0-8D11-00A0C91BC942}") = "Week3Task2OddOrEven", "Week3Task2OddOrEven\Week3Task2OddOrEven.vcxproj", "{9DE76B41-ED88-48FD-ABA7-E31C628541B9}"
EndProject
Project("{8BC9CEB8-8B4A-11D0-8D11-00A0C91BC942}") = "Week3Task3SumOfRange", "Week3Task3SumOfRange\Week3Task3SumOfRange.vcxproj", "{24F71711-2F64-4967-A5E8-1A956240E651}"
EndProject
Project("{8BC9CEB8-8B4A-11D0-8D11-00A0C91BC942}") = "TicTacToe", "TicTacToe\TicTacToe.vcxproj", "{4EDFF21D-C46F-44C2-A4C3-E4B31182B546}"
EndProject
Project("{8BC9CEB8-8B4A-11D0-8D11-00A0C91BC942}") = "Week4Task3AlphabetLoader", "Week4Task3AlphabetLoader\Week4Task3AlphabetLoader.vcxproj", "{FF24B3C9-66FF-4161-801F-8FB75D17AE1C}"
EndProject
Project("{8BC9CEB8-8B4A-11D0-8D11-00A0C91BC942}") = "Week4Task4MazeLoader", "Week4Task4MazeLoader\Week4Task4MazeLoader.vcxproj", "{A53DBC43-06A0-4C11-B35C-EEDFD1402E90}"
EndProject
Project("{8BC9CEB8-8B4A-11D0-8D11-00A0C91BC942}") = "MazeWithAsciiArt", "MazeWithAsciiArt\MazeWithAsciiArt.vcxproj", "{547D6226-2874-4AC0-AB7E-BF5F4FD44B6A}"
EndProject
Project("{8BC9CEB8-8B4A-11D0-8D11-00A0C91BC942}") = "MarioWithAsciiArtNoWideCharacters", "MarioWithAsciiArtNoWideCharacters\MarioWithAsciiArtNoWideCharacters.vcxproj", "{02BB9535-B9D0-48C9-BF0E-C7FF4C33804F}"
EndProject
Project("{8BC9CEB8-8B4A-11D0-8D11-00A0C91BC942}") = "CollectionProfiling", "CollectionProfiling\CollectionProfiling.vcxproj", "{ABC769C4-4DB5-45CF-951C-4282EBBEC627}"
EndProject
Project("{8BC9CEB8-8B4A-11D0-8D11-00A0C91BC942}") = "Week5Task2StringReversal", "Week5Task2StringReversal\Week5Task2StringReversal.vcxproj", "{F5DDDB95-8E88-4B14-8B16-36C3FCA2A471}"
EndProject
Global
	GlobalSection(SolutionConfigurationPlatforms) = preSolution
		Debug|x64 = Debug|x64
		Debug|x86 = Debug|x86
		Release|x64 = Release|x64
		Release|x86 = Release|x86
	EndGlobalSection
	GlobalSection(ProjectConfigurationPlatforms) = postSolution
		{3EB22769-C209-4F9D-BE11-5E219D2434F1}.Debug|x64.ActiveCfg = Debug|x64
		{3EB22769-C209-4F9D-BE11-5E219D2434F1}.Debug|x64.Build.0 = Debug|x64
		{3EB22769-C209-4F9D-BE11-5E219D2434F1}.Debug|x86.ActiveCfg = Debug|Win32
		{3EB22769-C209-4F9D-BE11-5E219D2434F1}.Debug|x86.Build.0 = Debug|Win32
		{3EB22769-C209-4F9D-BE11-5E219D2434F1}.Release|x64.ActiveCfg = Release|x64
		{3EB22769-C209-4F9D-BE11-5E219D2434F1}.Release|x64.Build.0 = Release|x64
		{3EB22769-C209-4F9D-BE11-5E219D2434F1}.Release|x86.ActiveCfg = Release|Win32
		{3EB22769-C209-4F9D-BE11-5E219D2434F1}.Release|x86.Build.0 = Release|Win32
		{D1E666C9-68C2-48C5-8B7B-B4753CF45B0A}.Debug|x64.ActiveCfg = Debug|x64
		{D1E666C9-68C2-48C5-8B7B-B4753CF45B0A}.Debug|x64.Build.0 = Debug|x64
		{D1E666C9-68C2-48C5-8B7B-B4753CF45B0A}.Debug|x86.ActiveCfg = Debug|Win32
		{D1E666C9-68C2-48C5-8B7B-B4753CF45B0A}.Debug|x86.Build.0 = Debug|Win32
		{D1E666C9-68C2-48C5-8B7B-B4753CF45B0A}.Release|x64.ActiveCfg = Release|x64
		{D1E666C9-68C2-48C5-8B7B-B4753CF45B0A}.Release|x64.Build.0 = Release|x64
		{D1E666C9-68C2-48C5-8B7B-B4753CF45B0A}.Release|x86.ActiveCfg = Release|Win32
		{D1E666C9-68C2-48C5-8B7B-B4753CF45B0A}.Release|x86.Build.0 = Release|Win32
		{4B927F24-C041-4027-8805-8D7D757C0EB5}.Debug|x64.ActiveCfg = Debug|x64
		{4B927F24-C041-4027-8805-8D7D757C0EB5}.Debug|x64.Build.0 = Debug|x64
		{4B927F24-C041-4027-8805-8D7D757C0EB5}.Debug|x86.ActiveCfg = Debug|Win32
		{4B927F24-C041-4027-8805-8D7D757C0EB5}.Debug|x86.Build.0 = Debug|Win32
		{4B927F24-C041-4027-8805-8D7D757C0EB5}.Release|x64.ActiveCfg = Release|x64
		{4B927F24-C041-4027-8805-8D7D757C0EB5}.Release|x64.Build.0 = Release|x64
		{4B927F24-C041-4027-8805-8D7D757C0EB5}.Release|x86.ActiveCfg = Release|Win32
		{4B927F24-C041-4027-8805-8D7D757C0EB5}.Release|x86.Build.0 = Release|Win32
		{777A8FB8-444F-465C-9272-F2A082605F62}.Debug|x64.ActiveCfg = Debug|x64
		{777A8FB8-444F-465C-9272-F2A082605F62}.Debug|x64.Build.0 = Debug|x64
		{777A8FB8-444F-465C-9272-F2A082605F62}.Debug|x86.ActiveCfg = Debug|Win32
		{777A8FB8-444F-465C-9272-F2A082605F62}.Debug|x86.Build.0 = Debug|Win32
		{777A8FB8-444F-465C-9272-F2A082605F62}.Release|x64.ActiveCfg = Release|x64
		{777A8FB8-444F-465C-9272-F2A082605F62}.Release|x64.Build.0 = Release|x64
		{777A8FB8-444F-465C-9272-F2A082605F62}.Release|x86.ActiveCfg = Release|Win32
		{777A8FB8-444F-465C-9272-F2A082605F62}.Release|x86.Build.0 = Release|Win32
		{01BBE24C-10B9-4C23-92E6-A2BFE1472599}.Debug|x64.ActiveCfg = Debug|x64
		{01BBE24C-10B9-4C23-92E6-A2BFE1472599}.Debug|x64.Build.0 = Debug|x64
		{01BBE24C-10B9-4C23-92E6-A2BFE1472599}.Debug|x86.ActiveCfg = Debug|Win32
		{01BBE24C-10B9-4C23-92E6-A2BFE1472599}.Debug|x86.Build.0 = Debug|Win32
		{01BBE24C-10B9-4C23-92E6-A2BFE1472599}.Release|x64.ActiveCfg = Release|x64
		{01BBE24C-10B9-4C23-92E6-A2BFE1472599}.Release|x64.Build.0 = Release|x64
		{01BBE24C-10B9-4C23-92E6-A2BFE1472599}.Release|x86.ActiveCfg = Release|Win32
		{01BBE24C-10B9-4C23-92E6-A2BFE1472599}.Release|x86.Build.0 = Release|Win32
		{6390FFB7-6C93-4023-B982-BB510720EB70}.Debug|x64.ActiveCfg = Debug|x64
		{6390FFB7-6C93-4023-B982-BB510720EB70}.Debug|x64.Build.0 = Debug|x64
		{6390FFB7-6C93-4023-B982-BB510720EB70}.Debug|x86.ActiveCfg = Debug|Win32
		{6390FFB7-6C93-4023-B982-BB510720EB70}.Debug|x86.Build.0 = Debug|Win32
		{6390FFB7-6C93-4023-B982-BB510720EB70}.Release|x64.ActiveCfg = Release|x64
		{6390FFB7-6C93-4023-B982-BB510720EB70}.Release|x64.Build.0 = Release|x64
		{6390FFB7-6C93-4023-B982-BB510720EB70}.Release|x86.ActiveCfg = Release|Win32
		{6390FFB7-6C93-4023-B982-BB510720EB70}.Release|x86.Build.0 = Release|Win32
		{C79490A2-DE7D-4EAE-B8B4-59133B22DE9F}.Debug|x64.ActiveCfg = Debug|x64
		{C79490A2-DE7D-4EAE-B8B4-59133B22DE9F}.Debug|x64.Build.0 = Debug|x64
		{C79490A2-DE7D-4EAE-B8B4-59133B22DE9F}.Debug|x86.ActiveCfg = Debug|Win32
		{C79490A2-DE7D-4EAE-B8B4-59133B22DE9F}.Debug|x86.Build.0 = Debug|Win32
		{C79490A2-DE7D-4EAE-B8B4-59133B22DE9F}.Release|x64.ActiveCfg = Release|x64
		{C79490A2-DE7D-4EAE-B8B4-59133B22DE9F}.Release|x64.Build.0 = Release|x64
		{C79490A2-DE7D-4EAE-B8B4-59133B22DE9F}.Release|x86.ActiveCfg = Release|Win32
		{C79490A2-DE7D-4EAE-B8B4-59133B22DE9F}.Release|x86.Build.0 = Release|Win32
		{2C9A28AC-480F-4672-BA05-6003E612D5CC}.Debug|x64.ActiveCfg = Debug|x64
		{2C9A28AC-480F-4672-BA05-6003E612D5CC}.Debug|x64.Build.0 = Debug|x64
		{2C9A28AC-480F-4672-BA05-6003E612D5CC}.Debug|x86.ActiveCfg = Debug|Win32
		{2C9A28AC-480F-4672-BA05-6003E612D5CC}.Debug|x86.Build.0 = Debug|Win32
		{2C9A28AC-480F-4672-BA05-6003E612D5CC}.Release|x64.ActiveCfg = Release|x64
		{2C9A28AC-480F-4672-BA05-6003E612D5CC}.Release|x64.Build.0 = Release|x64
		{2C9A28AC-480F-4672-BA05-6003E612D5CC}.Release|x86.ActiveCfg = Release|Win32
		{2C9A28AC-480F-4672-BA05-6003E612D5CC}.Release|x86.Build.0 = Release|Win32
		{0BFDB86A-2694-4196-9A47-D525EFBBEB8D}.Debug|x64.ActiveCfg = Debug|x64
		{0BFDB86A-2694-4196-9A47-D525EFBBEB8D}.Debug|x64.Build.0 = Debug|x64
		{0BFDB86A-2694-4196-9A47-D525EFBBEB8D}.Debug|x86.ActiveCfg = Debug|Win32
		{0BFDB86A-2694-4196-9A47-D525EFBBEB8D}.Debug|x86.Build.0 = Debug|Win32
		{0BFDB86A-2694-4196-9A47-D525EFBBEB8D}.Release|x64.ActiveCfg = Release|x64
		{0BFDB86A-2694-4196-9A47-D525EFBBEB8D}.Release|x64.Build.0 = Release|x64
		{0BFDB86A-2694-4196-9A47-D525EFBBEB8D}.Release|x86.ActiveCfg = Release|Win32
		{0BFDB86A-2694-4196-9A47-D525EFBBEB8D}.Release|x86.Build.0 = Release|Win32
		{4318F1E8-FF2D-4039-B54A-0F1B1573DC94}.Debug|x64.ActiveCfg = Debug|x64
		{4318F1E8-FF2D-4039-B54A-0F1B1573DC94}.Debug|x64.Build.0 = Debug|x64
		{4318F1E8-FF2D-4039-B54A-0F1B1573DC94}.Debug|x86.ActiveCfg = Debug|Win32
		{4318F1E8-FF2D-4039-B54A-0F1B1573DC94}.Debug|x86.Build.0 = Debug|Win32
		{4318F1E8-FF2D-4039-B54A-0F1B1573DC94}.Release|x64.ActiveCfg = Release|x64
		{4318F1E8-FF2D-4039-B54A-0F1B1573DC94}.Release|x64.Build.0 = Release|x64
		{4318F1E8-FF2D-4039-B54A-0F1B1573DC94}.Release|x86.ActiveCfg = Release|Win32
		{4318F1E8-FF2D-4039-B54A-0F1B1573DC94}.Release|x86.Build.0 = Release|Win32
		{9DC46D7B-B047-4237-9FFA-C850955F27D8}.Debug|x64.ActiveCfg = Debug|x64
		{9DC46D7B-B047-4237-9FFA-C850955F27D8}.Debug|x64.Build.0 = Debug|x64
		{9DC46D7B-B047-4237-9FFA-C850955F27D8}.Debug|x86.ActiveCfg = Debug|Win32
		{9DC46D7B-B047-4237-9FFA-C850955F27D8}.Debug|x86.Build.0 = Debug|Win32
		{9DC46D7B-B047-4237-9FFA-C850955F27D8}.Release|x64.ActiveCfg = Release|x64
		{9DC46D7B-B047-4237-9FFA-C850955F27D8}.Release|x64.Build.0 = Release|x64
		{9DC46D7B-B047-4237-9FFA-C850955F27D8}.Release|x86.ActiveCfg = Release|Win32
		{9DC46D7B-B047-4237-9FFA-C850955F27D8}.Release|x86.Build.0 = Release|Win32
		{6F9ED4D9-46D0-4737-A402-5162BF8C453D}.Debug|x64.ActiveCfg = Debug|x64
		{6F9ED4D9-46D0-4737-A402-5162BF8C453D}.Debug|x64.Build.0 = Debug|x64
		{6F9ED4D9-46D0-4737-A402-5162BF8C453D}.Debug|x86.ActiveCfg = Debug|Win32
		{6F9ED4D9-46D0-4737-A402-5162BF8C453D}.Debug|x86.Build.0 = Debug|Win32
		{6F9ED4D9-46D0-4737-A402-5162BF8C453D}.Release|x64.ActiveCfg = Release|x64
		{6F9ED4D9-46D0-4737-A402-5162BF8C453D}.Release|x64.Build.0 = Release|x64
		{6F9ED4D9-46D0-4737-A402-5162BF8C453D}.Release|x86.ActiveCfg = Release|Win32
		{6F9ED4D9-46D0-4737-A402-5162BF8C453D}.Release|x86.Build.0 = Release|Win32
		{AE923F7D-84AF-4AEF-913F-728FA257ECEE}.Debug|x64.ActiveCfg = Debug|x64
		{AE923F7D-84AF-4AEF-913F-728FA257ECEE}.Debug|x64.Build.0 = Debug|x64
		{AE923F7D-84AF-4AEF-913F-728FA257ECEE}.Debug|x86.ActiveCfg = Debug|Win32
		{AE923F7D-84AF-4AEF-913F-728FA257ECEE}.Debug|x86.Build.0 = Debug|Win32
		{AE923F7D-84AF-4AEF-913F-728FA257ECEE}.Release|x64.ActiveCfg = Release|x64
		{AE923F7D-84AF-4AEF-913F-728FA257ECEE}.Release|x64.Build.0 = Release|x64
		{AE923F7D-84AF-4AEF-913F-728FA257ECEE}.Release|x86.ActiveCfg = Release|Win32
		{AE923F7D-84AF-4AEF-913F-728FA257ECEE}.Release|x86.Build.0 = Release|Win32
		{23EB7BAC-F62A-4BF3-B3E0-8696D257907E}.Debug|x64.ActiveCfg = Debug|x64
		{23EB7BAC-F62A-4BF3-B3E0-8696D257907E}.Debug|x64.Build.0 = Debug|x64
		{23EB7BAC-F62A-4BF3-B3E0-8696D257907E}.Debug|x86.ActiveCfg = Debug|Win32
		{23EB7BAC-F62A-4BF3-B3E0-8696D257907E}.Debug|x86.Build.0 = Debug|Win32
		{23EB7BAC-F62A-4BF3-B3E0-8696D257907E}.Release|x64.ActiveCfg = Release|x64
		{23EB7BAC-F62A-4BF3-B3E0-8696D257907E}.Release|x64.Build.0 = Release|x64
		{23EB7BAC-F62A-4BF3-B3E0-8696D257907E}.Release|x86.ActiveCfg = Release|Win32
		{23EB7BAC-F62A-4BF3-B3E0-8696D257907E}.Release|x86.Build.0 = Release|Win32
		{83F69AF0-1849-4B8E-8977-D29237B91DF9}.Debug|x64.ActiveCfg = Debug|x64
		{83F69AF0-1849-4B8E-8977-D29237B91DF9}.Debug|x64.Build.0 = Debug|x64
		{83F69AF0-1849-4B8E-8977-D29237B91DF9}.Debug|x86.ActiveCfg = Debug|Win32
		{83F69AF0-1849-4B8E-8977-D29237B91DF9}.Debug|x86.Build.0 = Debug|Win32
		{83F69AF0-1849-4B8E-8977-D29237B91DF9}.Release|x64.ActiveCfg = Release|x64
		{83F69AF0-1849-4B8E-8977-D29237B91DF9}.Release|x64.Build.0 = Release|x64
		{83F69AF0-1849-4B8E-8977-D29237B91DF9}.Release|x86.ActiveCfg = Release|Win32
		{83F69AF0-1849-4B8E-8977-D29237B91DF9}.Release|x86.Build.0 = Release|Win32
		{61ED036C-4BDD-47B6-B91B-C0B2CF2E9F46}.Debug|x64.ActiveCfg = Debug|x64
		{61ED036C-4BDD-47B6-B91B-C0B2CF2E9F46}.Debug|x64.Build.0 = Debug|x64
		{61ED036C-4BDD-47B6-B91B-C0B2CF2E9F46}.Debug|x86.ActiveCfg = Debug|Win32
		{61ED036C-4BDD-47B6-B91B-C0B2CF2E9F46}.Debug|x86.Build.0 = Debug|Win32
		{61ED036C-4BDD-47B6-B91B-C0B2CF2E9F46}.Release|x64.ActiveCfg = Release|x64
		{61ED036C-4BDD-47B6-B91B-C0B2CF2E9F46}.Release|x64.Build.0 = Release|x64
		{61ED036C-4BDD-47B6-B91B-C0B2CF2E9F46}.Release|x86.ActiveCfg = Release|Win32
		{61ED036C-4BDD-47B6-B91B-C0B2CF2E9F46}.Release|x86.Build.0 = Release|Win32
		{089091F0-BD59-427E-A4E2-F63D5C0C7A9C}.Debug|x64.ActiveCfg = Debug|x64
		{089091F0-BD59-427E-A4E2-F63D5C0C7A9C}.Debug|x64.Build.0 = Debug|x64
		{089091F0-BD59-427E-A4E2-F63D5C0C7A9C}.Debug|x86.ActiveCfg = Debug|Win32
		{089091F0-BD59-427E-A4E2-F63D5C0C7A9C}.Debug|x86.Build.0 = Debug|Win32
		{089091F0-BD59-427E-A4E2-F63D5C0C7A9C}.Release|x64.ActiveCfg = Release|x64
		{089091F0-BD59-427E-A4E2-F63D5C0C7A9C}.Release|x64.Build.0 = Release|x64
		{089091F0-BD59-427E-A4E2-F63D5C0C7A9C}.Release|x86.ActiveCfg = Release|Win32
		{089091F0-BD59-427E-A4E2-F63D5C0C7A9C}.Release|x86.Build.0 = Release|Win32
		{D4E3A095-B259-4790-AD5F-E331F1CEF728}.Debug|x64.ActiveCfg = Debug|x64
		{D4E3A095-B259-4790-AD5F-E331F1CEF728}.Debug|x64.Build.0 = Debug|x64
		{D4E3A095-B259-4790-AD5F-E331F1CEF728}.Debug|x86.ActiveCfg = Debug|Win32
		{D4E3A095-B259-4790-AD5F-E331F1CEF728}.Debug|x86.Build.0 = Debug|Win32
		{D4E3A095-B259-4790-AD5F-E331F1CEF728}.Release|x64.ActiveCfg = Release|x64
		{D4E3A095-B259-4790-AD5F-E331F1CEF728}.Release|x64.Build.0 = Release|x64
		{D4E3A095-B259-4790-AD5F-E331F1CEF728}.Release|x86.ActiveCfg = Release|Win32
		{D4E3A095-B259-4790-AD5F-E331F1CEF728}.Release|x86.Build.0 = Release|Win32
		{3F4DBEF8-8FBA-4C27-BECD-FFCF64071A7F}.Debug|x64.ActiveCfg = Debug|x64
		{3F4DBEF8-8FBA-4C27-BECD-FFCF64071A7F}.Debug|x64.Build.0 = Debug|x64
		{3F4DBEF8-8FBA-4C27-BECD-FFCF64071A7F}.Debug|x86.ActiveCfg = Debug|Win32
		{3F4DBEF8-8FBA-4C27-BECD-FFCF64071A7F}.Debug|x86.Build.0 = Debug|Win32
		{3F4DBEF8-8FBA-4C27-BECD-FFCF64071A7F}.Release|x64.ActiveCfg = Release|x64
		{3F4DBEF8-8FBA-4C27-BECD-FFCF64071A7F}.Release|x64.Build.0 = Release|x64
		{3F4DBEF8-8FBA-4C27-BECD-FFCF64071A7F}.Release|x86.ActiveCfg = Release|Win32
		{3F4DBEF8-8FBA-4C27-BECD-FFCF64071A7F}.Release|x86.Build.0 = Release|Win32
		{9DE76B41-ED88-48FD-ABA7-E31C628541B9}.Debug|x64.ActiveCfg = Debug|x64
		{9DE76B41-ED88-48FD-ABA7-E31C628541B9}.Debug|x64.Build.0 = Debug|x64
		{9DE76B41-ED88-48FD-ABA7-E31C628541B9}.Debug|x86.ActiveCfg = Debug|Win32
		{9DE76B41-ED88-48FD-ABA7-E31C628541B9}.Debug|x86.Build.0 = Debug|Win32
		{9DE76B41-ED88-48FD-ABA7-E31C628541B9}.Release|x64.ActiveCfg = Release|x64
		{9DE76B41-ED88-48FD-ABA7-E31C628541B9}.Release|x64.Build.0 = Release|x64
		{9DE76B41-ED88-48FD-ABA7-E31C628541B9}.Release|x86.ActiveCfg = Release|Win32
		{9DE76B41-ED88-48FD-ABA7-E31C628541B9}.Release|x86.Build.0 = Release|Win32
		{24F71711-2F64-4967-A5E8-1A956240E651}.Debug|x64.ActiveCfg = Debug|x64
		{24F71711-2F64-4967-A5E8-1A956240E651}.Debug|x64.Build.0 = Debug|x64
		{24F71711-2F64-4967-A5E8-1A956240E651}.Debug|x86.ActiveCfg = Debug|Win32
		{24F71711-2F64-4967-A5E8-1A956240E651}.Debug|x86.Build.0 = Debug|Win32
		{24F71711-2F64-4967-A5E8-1A956240E651}.Release|x64.ActiveCfg = Release|x64
		{24F71711-2F64-4967-A5E8-1A956240E651}.Release|x64.Build.0 = Release|x64
		{24F71711-2F64-4967-A5E8-1A956240E651}.Release|x86.ActiveCfg = Release|Win32
		{24F71711-2F64-4967-A5E8-1A956240E651}.Release|x86.Build.0 = Release|Win32
		{4EDFF21D-C46F-44C2-A4C3-E4B31182B546}.Debug|x64.ActiveCfg = Debug|x64
		{4EDFF21D-C46F-44C2-A4C3-E4B31182B546}.Debug|x64.Build.0 = Debug|x64
		{4EDFF21D-C46F-44C2-A4C3-E4B31182B546}.Debug|x86.ActiveCfg = Debug|Win32
		{4EDFF21D-C46F-44C2-A4C3-E4B31182B546}.Debug|x86.Build.0 = Debug|Win32
		{4EDFF21D-C46F-44C2-A4C3-E4B31182B546}.Release|x64.ActiveCfg = Release|x64
		{4EDFF21D-C46F-44C2-A4C3-E4B31182B546}.Release|x64.Build.0 = Release|x64
		{4EDFF21D-C46F-44C2-A4C3-E4B31182B546}.Release|x86.ActiveCfg = Release|Win32
		{4EDFF21D-C46F-44C2-A4C3-E4B31182B546}.Release|x86.Build.0 = Release|Win32
		{FF24B3C9-66FF-4161-801F-8FB75D17AE1C}.Debug|x64.ActiveCfg = Debug|x64
		{FF24B3C9-66FF-4161-801F-8FB75D17AE1C}.Debug|x64.Build.0 = Debug|x64
		{FF24B3C9-66FF-4161-801F-8FB75D17AE1C}.Debug|x86.ActiveCfg = Debug|Win32
		{FF24B3C9-66FF-4161-801F-8FB75D17AE1C}.Debug|x86.Build.0 = Debug|Win32
		{FF24B3C9-66FF-4161-801F-8FB75D17AE1C}.Release|x64.ActiveCfg = Release|x64
		{FF24B3C9-66FF-4161-801F-8FB75D17AE1C}.Release|x64.Build.0 = Release|x64
		{FF24B3C9-66FF-4161-801F-8FB75D17AE1C}.Release|x86.ActiveCfg = Release|Win32
		{FF24B3C9-66FF-4161-801F-8FB75D17AE1C}.Release|x86.Build.0 = Release|Win32
		{A53DBC43-06A0-4C11-B35C-EEDFD1402E90}.Debug|x64.ActiveCfg = Debug|x64
		{A53DBC43-06A0-4C11-B35C-EEDFD1402E90}.Debug|x64.Build.0 = Debug|x64
		{A53DBC43-06A0-4C11-B35C-EEDFD1402E90}.Debug|x86.ActiveCfg = Debug|Win32
		{A53DBC43-06A0-4C11-B35C-EEDFD1402E90}.Debug|x86.Build.0 = Debug|Win32
		{A53DBC43-06A0-4C11-B35C-EEDFD1402E90}.Release|x64.ActiveCfg = Release|x64
		{A53DBC43-06A0-4C11-B35C-EEDFD1402E90}.Release|x64.Build.0 = Release|x64
		{A53DBC43-06A0-4C11-B35C-EEDFD1402E90}.Release|x86.ActiveCfg = Release|Win32
		{A53DBC43-06A0-4C11-B35C-EEDFD1402E90}.Release|x86.Build.0 = Release|Win32
		{547D6226-2874-4AC0-AB7E-BF5F4FD44B6A}.Debug|x64.ActiveCfg = Debug|x64
		{547D6226-2874-4AC0-AB7E-BF5F4FD44B6A}.Debug|x64.Build.0 = Debug|x64
		{547D6226-2874-4AC0-AB7E-BF5F4FD44B6A}.Debug|x86.ActiveCfg = Debug|Win32
		{547D6226-2874-4AC0-AB7E-BF5F4FD44B6A}.Debug|x86.Build.0 = Debug|Win32
		{547D6226-2874-4AC0-AB7E-BF5F4FD44B6A}.Release|x64.ActiveCfg = Release|x64
		{547D6226-2874-4AC0-AB7E-BF5F4FD44B6A}.Release|x64.Build.0 = Release|x64
		{547D6226-2874-4AC0-AB7E-BF5F4FD44B6A}.Release|x86.ActiveCfg = Release|Win32
		{547D6226-2874-4AC0-AB7E-BF5F4FD44B6A}.Release|x86.Build.0 = Release|Win32
		{02BB9535-B9D0-48C9-BF0E-C7FF4C33804F}.Debug|x64.ActiveCfg = Debug|x64
		{02BB9535-B9D0-48C9-BF0E-C7FF4C33804F}.Debug|x64.Build.0 = Debug|x64
		{02BB9535-B9D0-48C9-BF0E-C7FF4C33804F}.Debug|x86.ActiveCfg = Debug|Win32
		{02BB9535-B9D0-48C9-BF0E-C7FF4C33804F}.Debug|x86.Build.0 = Debug|Win32
		{02BB9535-B9D0-48C9-BF0E-C7FF4C33804F}.Release|x64.ActiveCfg = Release|x64
		{02BB9535-B9D0-48C9-BF0E-C7FF4C33804F}.Release|x64.Build.0 = Release|x64
		{02BB9535-B9D0-48C9-BF0E-C7FF4C33804F}.Release|x86.ActiveCfg = Release|Win32
		{02BB9535-B9D0-48C9-BF0E-C7FF4C33804F}.Release|x86.Build.0 = Release|Win32
		{ABC769C4-4DB5-45CF-951C-4282EBBEC627}.Debug|x64.ActiveCfg = Debug|x64
		{ABC769C4-4DB5-45CF-951C-4282EBBEC627}.Debug|x64.Build.0 = Debug|x64
		{ABC769C4-4DB5-45CF-951C-4282EBBEC627}.Debug|x86.ActiveCfg = Debug|Win32
		{ABC769C4-4DB5-45CF-951C-4282EBBEC627}.Debug|x86.Build.0 = Debug|Win32
		{ABC769C4-4DB5-45CF-951C-4282EBBEC627}.Release|x64.ActiveCfg = Release|x64
		{ABC769C4-4DB5-45CF-951C-4282EBBEC627}.Release|x64.Build.0 = Release|x64
		{ABC769C4-4DB5-45CF-951C-4282EBBEC627}.Release|x86.ActiveCfg = Release|Win32
		{ABC769C4-4DB5-45CF-951C-4282EBBEC627}.Release|x86.Build.0 = Release|Win32
		{F5DDDB95-8E88-4B14-8B16-36C3FCA2A471}.Debug|x64.ActiveCfg = Debug|x64
		{F5DDDB95-8E88-4B14-8B16-36C3FCA2A471}.Debug|x64.Build.0 = Debug|x64
		{F5DDDB95-8E88-4B14-8B16-36C3FCA2A471}.Debug|x86.ActiveCfg = Debug|Win32
		{F5DDDB95-8E88-4B14-8B16-36C3FCA2A471}.Debug|x86.Build.0 = Debug|Win32
		{F5DDDB95-8E88-4B14-8B16-36C3FCA2A471}.Release|x64.ActiveCfg = Release|x64
		{F5DDDB95-8E88-4B14-8B16-36C3FCA2A471}.Release|x64.Build.0 = Release|x64
		{F5DDDB95-8E88-4B14-8B16-36C3FCA2A471}.Release|x86.ActiveCfg = Release|Win32
		{F5DDDB95-8E88-4B14-8B16-36C3FCA2A471}.Release|x86.Build.0 = Release|Win32
	EndGlobalSection
	GlobalSection(SolutionProperties) = preSolution
		HideSolutionNode = FALSE
	EndGlobalSection
	GlobalSection(ExtensibilityGlobals) = postSolution
		SolutionGuid = {0A7C8D0D-BA0C-4EC0-B3D7-07E92130D1A7}
	EndGlobalSection
EndGlobal
